<Solution>
  <Folder Name="/1 Level/">
    <Project Path="DevHobby.L01-ButtonOnGamepad/DevHobby.L01-ButtonOnGamepad.csproj" />
    <Project Path="DevHobby.L02-HelloWorldDelegates/DevHobby.L02-HelloWorldDelegates.csproj" />
    <Project Path="DevHobby.L03-GreetingProvider/DevHobby.L03-GreetingProvider.csproj" />
    <Project Path="DevHobby.L04-SimpleCalculator/DevHobby.L04-SimpleCalculator.csproj" />
  </Folder>
  <Project Path="DevHobby.L05-AgeGate/DevHobby.L05-AgeGate.csproj" />
</Solution>
